
Microsoft Visual Studio Solution File, Format Version 12.00
# Visual Studio Version 16
VisualStudioVersion = 16.0.31205.134
MinimumVisualStudioVersion = 10.0.40219.1
Project("{8BC9CEB8-8B4A-11D0-8D11-00A0C91BC942}") = "TPL Assignment 3", "TPL Assignment 3\TPL Assignment 3.vcxproj", "{556340CE-AD31-40C5-A894-BCE32D3B046D}"
EndProject
Global
	GlobalSection(SolutionConfigurationPlatforms) = preSolution
		Debug|x64 = Debug|x64
		Debug|x86 = Debug|x86
		Release|x64 = Release|x64
		Release|x86 = Release|x86
	EndGlobalSection
	GlobalSection(ProjectConfigurationPlatforms) = postSolution
		{556340CE-AD31-40C5-A894-BCE32D3B046D}.Debug|x64.ActiveCfg = Debug|x64
		{556340CE-AD31-40C5-A894-BCE32D3B046D}.Debug|x64.Build.0 = Debug|x64
		{556340CE-AD31-40C5-A894-BCE32D3B046D}.Debug|x86.ActiveCfg = Debug|Win32
		{556340CE-AD31-40C5-A894-BCE32D3B046D}.Debug|x86.Build.0 = Debug|Win32
		{556340CE-AD31-40C5-A894-BCE32D3B046D}.Release|x64.ActiveCfg = Release|x64
		{556340CE-AD31-40C5-A894-BCE32D3B046D}.Release|x64.Build.0 = Release|x64
		{556340CE-AD31-40C5-A894-BCE32D3B046D}.Release|x86.ActiveCfg = Release|Win32
		{556340CE-AD31-40C5-A894-BCE32D3B046D}.Release|x86.Build.0 = Release|Win32
	EndGlobalSection
	GlobalSection(SolutionProperties) = preSolution
		HideSolutionNode = FALSE
	EndGlobalSection
	GlobalSection(ExtensibilityGlobals) = postSolution
		SolutionGuid = {2FAFFA37-90A4-4F34-AA7B-9D41488A9DC6}
	EndGlobalSection
EndGlobal
